
Microsoft Visual Studio Solution File, Format Version 12.00
# Visual Studio Version 17
VisualStudioVersion = 17.7.34221.43
MinimumVisualStudioVersion = 10.0.40219.1
Project("{FAE04EC0-301F-11D3-BF4B-00C04F79EFBC}") = "Prueba.API", "Prueba.API\Prueba.API.csproj", "{5E1F8E77-1CE2-4EBA-B4ED-8053B6F0DD8F}"
EndProject
Project("{FAE04EC0-301F-11D3-BF4B-00C04F79EFBC}") = "Prueba.Shared", "Prueba.Shared\Prueba.Shared.csproj", "{275330A5-AF2D-492F-B655-78A188FFB03B}"
EndProject
Project("{FAE04EC0-301F-11D3-BF4B-00C04F79EFBC}") = "Prueba.Web", "Prueba.Web\Prueba.Web.csproj", "{C6D49DCF-0322-415B-96EB-69F1BC922BC2}"
EndProject
Global
	GlobalSection(SolutionConfigurationPlatforms) = preSolution
		Debug|Any CPU = Debug|Any CPU
		Release|Any CPU = Release|Any CPU
	EndGlobalSection
	GlobalSection(ProjectConfigurationPlatforms) = postSolution
		{5E1F8E77-1CE2-4EBA-B4ED-8053B6F0DD8F}.Debug|Any CPU.ActiveCfg = Debug|Any CPU
		{5E1F8E77-1CE2-4EBA-B4ED-8053B6F0DD8F}.Debug|Any CPU.Build.0 = Debug|Any CPU
		{5E1F8E77-1CE2-4EBA-B4ED-8053B6F0DD8F}.Release|Any CPU.ActiveCfg = Release|Any CPU
		{5E1F8E77-1CE2-4EBA-B4ED-8053B6F0DD8F}.Release|Any CPU.Build.0 = Release|Any CPU
		{275330A5-AF2D-492F-B655-78A188FFB03B}.Debug|Any CPU.ActiveCfg = Debug|Any CPU
		{275330A5-AF2D-492F-B655-78A188FFB03B}.Debug|Any CPU.Build.0 = Debug|Any CPU
		{275330A5-AF2D-492F-B655-78A188FFB03B}.Release|Any CPU.ActiveCfg = Release|Any CPU
		{275330A5-AF2D-492F-B655-78A188FFB03B}.Release|Any CPU.Build.0 = Release|Any CPU
		{C6D49DCF-0322-415B-96EB-69F1BC922BC2}.Debug|Any CPU.ActiveCfg = Debug|Any CPU
		{C6D49DCF-0322-415B-96EB-69F1BC922BC2}.Debug|Any CPU.Build.0 = Debug|Any CPU
		{C6D49DCF-0322-415B-96EB-69F1BC922BC2}.Release|Any CPU.ActiveCfg = Release|Any CPU
		{C6D49DCF-0322-415B-96EB-69F1BC922BC2}.Release|Any CPU.Build.0 = Release|Any CPU
	EndGlobalSection
	GlobalSection(SolutionProperties) = preSolution
		HideSolutionNode = FALSE
	EndGlobalSection
	GlobalSection(ExtensibilityGlobals) = postSolution
		SolutionGuid = {E903BB0F-45F0-4A9D-8060-301B8D5F106B}
	EndGlobalSection
EndGlobal
